
Microsoft Visual Studio Solution File, Format Version 12.00
# Visual Studio Version 17
VisualStudioVersion = 17.0.31612.314
MinimumVisualStudioVersion = 10.0.40219.1
Project("{FAE04EC0-301F-11D3-BF4B-00C04F79EFBC}") = "Project3", "Project3\Project3.csproj", "{6A220667-2226-400B-9DED-50A72801AF8A}"
EndProject
Global
	GlobalSection(SolutionConfigurationPlatforms) = preSolution
		Debug|Any CPU = Debug|Any CPU
		Release|Any CPU = Release|Any CPU
	EndGlobalSection
	GlobalSection(ProjectConfigurationPlatforms) = postSolution
		{6A220667-2226-400B-9DED-50A72801AF8A}.Debug|Any CPU.ActiveCfg = Debug|Any CPU
		{6A220667-2226-400B-9DED-50A72801AF8A}.Debug|Any CPU.Build.0 = Debug|Any CPU
		{6A220667-2226-400B-9DED-50A72801AF8A}.Release|Any CPU.ActiveCfg = Release|Any CPU
		{6A220667-2226-400B-9DED-50A72801AF8A}.Release|Any CPU.Build.0 = Release|Any CPU
	EndGlobalSection
	GlobalSection(SolutionProperties) = preSolution
		HideSolutionNode = FALSE
	EndGlobalSection
	GlobalSection(ExtensibilityGlobals) = postSolution
		SolutionGuid = {B20A993D-8028-41F1-816A-9C40FE23CCB3}
	EndGlobalSection
EndGlobal
